
Microsoft Visual Studio Solution File, Format Version 12.00
# Visual Studio Version 16
VisualStudioVersion = 16.0.31321.278
MinimumVisualStudioVersion = 10.0.40219.1
Project("{FAE04EC0-301F-11D3-BF4B-00C04F79EFBC}") = "GiftCardWeb", "GiftCardWeb\GiftCardWeb.csproj", "{CF79E0D8-DCEE-40D2-BE55-78F40C1EF606}"
EndProject
Global
	GlobalSection(SolutionConfigurationPlatforms) = preSolution
		Debug|Any CPU = Debug|Any CPU
		Release|Any CPU = Release|Any CPU
	EndGlobalSection
	GlobalSection(ProjectConfigurationPlatforms) = postSolution
		{CF79E0D8-DCEE-40D2-BE55-78F40C1EF606}.Debug|Any CPU.ActiveCfg = Debug|Any CPU
		{CF79E0D8-DCEE-40D2-BE55-78F40C1EF606}.Debug|Any CPU.Build.0 = Debug|Any CPU
		{CF79E0D8-DCEE-40D2-BE55-78F40C1EF606}.Release|Any CPU.ActiveCfg = Release|Any CPU
		{CF79E0D8-DCEE-40D2-BE55-78F40C1EF606}.Release|Any CPU.Build.0 = Release|Any CPU
	EndGlobalSection
	GlobalSection(SolutionProperties) = preSolution
		HideSolutionNode = FALSE
	EndGlobalSection
	GlobalSection(ExtensibilityGlobals) = postSolution
		SolutionGuid = {AE98DFA9-D4E7-406C-B759-2F3F590BAA02}
	EndGlobalSection
EndGlobal
